
Microsoft Visual Studio Solution File, Format Version 12.00
# Visual Studio Version 16
VisualStudioVersion = 16.0.30615.102
MinimumVisualStudioVersion = 10.0.40219.1
Project("{9A19103F-16F7-4668-BE54-9A1E7A4F7556}") = "RoomBooking.Core", "RoomBooking.Core\RoomBooking.Core.csproj", "{7E4D3DD2-CCCE-4DA6-8EF1-CAB6A2456CBB}"
EndProject
Project("{9A19103F-16F7-4668-BE54-9A1E7A4F7556}") = "RoomBooking.ImportConsole", "RoomBooking.ImportConsole\RoomBooking.ImportConsole.csproj", "{4A2B9B0C-D8D2-4028-8C86-B7325F56E8FF}"
EndProject
Project("{9A19103F-16F7-4668-BE54-9A1E7A4F7556}") = "Utils", "Utils\Utils.csproj", "{C89C42E0-AAE1-473C-BF40-ABD4F1F1AC82}"
EndProject
Project("{9A19103F-16F7-4668-BE54-9A1E7A4F7556}") = "RoomBooking.Persistence", "RoomBooking.Persistence\RoomBooking.Persistence.csproj", "{04760D5B-7928-4AAC-9A5D-E386E38A9D77}"
EndProject
Project("{9A19103F-16F7-4668-BE54-9A1E7A4F7556}") = "RoomBooking.Wpf", "RoomBooking.Wpf\RoomBooking.Wpf.csproj", "{D7E3414C-189F-451D-9493-6BFA781DD53D}"
EndProject
Global
	GlobalSection(SolutionConfigurationPlatforms) = preSolution
		Debug|Any CPU = Debug|Any CPU
		Release|Any CPU = Release|Any CPU
	EndGlobalSection
	GlobalSection(ProjectConfigurationPlatforms) = postSolution
		{7E4D3DD2-CCCE-4DA6-8EF1-CAB6A2456CBB}.Debug|Any CPU.ActiveCfg = Debug|Any CPU
		{7E4D3DD2-CCCE-4DA6-8EF1-CAB6A2456CBB}.Debug|Any CPU.Build.0 = Debug|Any CPU
		{7E4D3DD2-CCCE-4DA6-8EF1-CAB6A2456CBB}.Release|Any CPU.ActiveCfg = Release|Any CPU
		{7E4D3DD2-CCCE-4DA6-8EF1-CAB6A2456CBB}.Release|Any CPU.Build.0 = Release|Any CPU
		{4A2B9B0C-D8D2-4028-8C86-B7325F56E8FF}.Debug|Any CPU.ActiveCfg = Debug|Any CPU
		{4A2B9B0C-D8D2-4028-8C86-B7325F56E8FF}.Debug|Any CPU.Build.0 = Debug|Any CPU
		{4A2B9B0C-D8D2-4028-8C86-B7325F56E8FF}.Release|Any CPU.ActiveCfg = Release|Any CPU
		{4A2B9B0C-D8D2-4028-8C86-B7325F56E8FF}.Release|Any CPU.Build.0 = Release|Any CPU
		{C89C42E0-AAE1-473C-BF40-ABD4F1F1AC82}.Debug|Any CPU.ActiveCfg = Debug|Any CPU
		{C89C42E0-AAE1-473C-BF40-ABD4F1F1AC82}.Debug|Any CPU.Build.0 = Debug|Any CPU
		{C89C42E0-AAE1-473C-BF40-ABD4F1F1AC82}.Release|Any CPU.ActiveCfg = Release|Any CPU
		{C89C42E0-AAE1-473C-BF40-ABD4F1F1AC82}.Release|Any CPU.Build.0 = Release|Any CPU
		{04760D5B-7928-4AAC-9A5D-E386E38A9D77}.Debug|Any CPU.ActiveCfg = Debug|Any CPU
		{04760D5B-7928-4AAC-9A5D-E386E38A9D77}.Debug|Any CPU.Build.0 = Debug|Any CPU
		{04760D5B-7928-4AAC-9A5D-E386E38A9D77}.Release|Any CPU.ActiveCfg = Release|Any CPU
		{04760D5B-7928-4AAC-9A5D-E386E38A9D77}.Release|Any CPU.Build.0 = Release|Any CPU
		{D7E3414C-189F-451D-9493-6BFA781DD53D}.Debug|Any CPU.ActiveCfg = Debug|Any CPU
		{D7E3414C-189F-451D-9493-6BFA781DD53D}.Debug|Any CPU.Build.0 = Debug|Any CPU
		{D7E3414C-189F-451D-9493-6BFA781DD53D}.Release|Any CPU.ActiveCfg = Release|Any CPU
		{D7E3414C-189F-451D-9493-6BFA781DD53D}.Release|Any CPU.Build.0 = Release|Any CPU
	EndGlobalSection
	GlobalSection(SolutionProperties) = preSolution
		HideSolutionNode = FALSE
	EndGlobalSection
	GlobalSection(ExtensibilityGlobals) = postSolution
		SolutionGuid = {83D14C3A-460E-462B-B698-BE8CE788F630}
	EndGlobalSection
EndGlobal
